// !$*UTF8*$!
{
	archiveVersion = 1;
	classes = {
	};
	objectVersion = 55;
	objects = {

/* Begin PBXBuildFile section */
		220B564E277526ED006C62E6 /* TopMoviePreview.swift in Sources */ = {isa = PBXBuildFile; fileRef = 220B564D277526ED006C62E6 /* TopMoviePreview.swift */; };
		220B565027752A5A006C62E6 /* SmallVerticalButtton.swift in Sources */ = {isa = PBXBuildFile; fileRef = 220B564F27752A5A006C62E6 /* SmallVerticalButtton.swift */; };
		220B565227753199006C62E6 /* WhiteButton.swift in Sources */ = {isa = PBXBuildFile; fileRef = 220B565127753199006C62E6 /* WhiteButton.swift */; };
		22A2CE7D2779296D00EFE366 /* MovieDetail.swift in Sources */ = {isa = PBXBuildFile; fileRef = 22A2CE7C2779296D00EFE366 /* MovieDetail.swift */; };
		22A2CE7F277930E700EFE366 /* Episode.swift in Sources */ = {isa = PBXBuildFile; fileRef = 22A2CE7E277930E700EFE366 /* Episode.swift */; };
		22B6A45B2770DC0900305DA4 /* Kingfisher in Frameworks */ = {isa = PBXBuildFile; productRef = 22B6A45A2770DC0900305DA4 /* Kingfisher */; };
		22B6A45F2770DCDB00305DA4 /* Movie.swift in Sources */ = {isa = PBXBuildFile; fileRef = 22B6A45E2770DCDB00305DA4 /* Movie.swift */; };
		22B6A4612770DD4C00305DA4 /* StandardHomeMovie.swift in Sources */ = {isa = PBXBuildFile; fileRef = 22B6A4602770DD4C00305DA4 /* StandardHomeMovie.swift */; };
		22B6A4632770DDE400305DA4 /* GlobalHelpers.swift in Sources */ = {isa = PBXBuildFile; fileRef = 22B6A4622770DDE400305DA4 /* GlobalHelpers.swift */; };
		22B6A4652770E16A00305DA4 /* HomeVM.swift in Sources */ = {isa = PBXBuildFile; fileRef = 22B6A4642770E16A00305DA4 /* HomeVM.swift */; };
		22F3FC7C276D2B6900E8EA0E /* SameNetflixApp.swift in Sources */ = {isa = PBXBuildFile; fileRef = 22F3FC7B276D2B6900E8EA0E /* SameNetflixApp.swift */; };
		22F3FC7E276D2B6900E8EA0E /* ContentView.swift in Sources */ = {isa = PBXBuildFile; fileRef = 22F3FC7D276D2B6900E8EA0E /* ContentView.swift */; };
		22F3FC80276D2B6C00E8EA0E /* Assets.xcassets in Resources */ = {isa = PBXBuildFile; fileRef = 22F3FC7F276D2B6C00E8EA0E /* Assets.xcassets */; };
		22F3FC8E276D2EFE00E8EA0E /* HomeView.swift in Sources */ = {isa = PBXBuildFile; fileRef = 22F3FC8D276D2EFE00E8EA0E /* HomeView.swift */; };
/* End PBXBuildFile section */

/* Begin PBXFileReference section */
		220B564D277526ED006C62E6 /* TopMoviePreview.swift */ = {isa = PBXFileReference; lastKnownFileType = sourcecode.swift; path = TopMoviePreview.swift; sourceTree = "<group>"; };
		220B564F27752A5A006C62E6 /* SmallVerticalButtton.swift */ = {isa = PBXFileReference; lastKnownFileType = sourcecode.swift; path = SmallVerticalButtton.swift; sourceTree = "<group>"; };
		220B565127753199006C62E6 /* WhiteButton.swift */ = {isa = PBXFileReference; lastKnownFileType = sourcecode.swift; path = WhiteButton.swift; sourceTree = "<group>"; };
		22A2CE7C2779296D00EFE366 /* MovieDetail.swift */ = {isa = PBXFileReference; lastKnownFileType = sourcecode.swift; path = MovieDetail.swift; sourceTree = "<group>"; };
		22A2CE7E277930E700EFE366 /* Episode.swift */ = {isa = PBXFileReference; lastKnownFileType = sourcecode.swift; path = Episode.swift; sourceTree = "<group>"; };
		22B6A45E2770DCDB00305DA4 /* Movie.swift */ = {isa = PBXFileReference; lastKnownFileType = sourcecode.swift; path = Movie.swift; sourceTree = "<group>"; };
		22B6A4602770DD4C00305DA4 /* StandardHomeMovie.swift */ = {isa = PBXFileReference; lastKnownFileType = sourcecode.swift; path = StandardHomeMovie.swift; sourceTree = "<group>"; };
		22B6A4622770DDE400305DA4 /* GlobalHelpers.swift */ = {isa = PBXFileReference; lastKnownFileType = sourcecode.swift; path = GlobalHelpers.swift; sourceTree = "<group>"; };
		22B6A4642770E16A00305DA4 /* HomeVM.swift */ = {isa = PBXFileReference; lastKnownFileType = sourcecode.swift; path = HomeVM.swift; sourceTree = "<group>"; };
		22F3FC78276D2B6900E8EA0E /* SameNetflix.app */ = {isa = PBXFileReference; explicitFileType = wrapper.application; includeInIndex = 0; path = SameNetflix.app; sourceTree = BUILT_PRODUCTS_DIR; };
		22F3FC7B276D2B6900E8EA0E /* SameNetflixApp.swift */ = {isa = PBXFileReference; lastKnownFileType = sourcecode.swift; path = SameNetflixApp.swift; sourceTree = "<group>"; };
		22F3FC7D276D2B6900E8EA0E /* ContentView.swift */ = {isa = PBXFileReference; lastKnownFileType = sourcecode.swift; path = ContentView.swift; sourceTree = "<group>"; };
		22F3FC7F276D2B6C00E8EA0E /* Assets.xcassets */ = {isa = PBXFileReference; lastKnownFileType = folder.assetcatalog; path = Assets.xcassets; sourceTree = "<group>"; };
		22F3FC8D276D2EFE00E8EA0E /* HomeView.swift */ = {isa = PBXFileReference; lastKnownFileType = sourcecode.swift; name = HomeView.swift; path = iOS/HomeViews/HomeView.swift; sourceTree = SOURCE_ROOT; };
/* End PBXFileReference section */

/* Begin PBXFrameworksBuildPhase section */
		22F3FC75276D2B6900E8EA0E /* Frameworks */ = {
			isa = PBXFrameworksBuildPhase;
			buildActionMask = 2147483647;
			files = (
				22B6A45B2770DC0900305DA4 /* Kingfisher in Frameworks */,
			);
			runOnlyForDeploymentPostprocessing = 0;
		};
/* End PBXFrameworksBuildPhase section */

/* Begin PBXGroup section */
		22A2CE78277926E800EFE366 /* HomeViews */ = {
			isa = PBXGroup;
			children = (
				22F3FC8D276D2EFE00E8EA0E /* HomeView.swift */,
				22B6A4642770E16A00305DA4 /* HomeVM.swift */,
			);
			path = HomeViews;
			sourceTree = "<group>";
		};
		22A2CE792779273100EFE366 /* Model */ = {
			isa = PBXGroup;
			children = (
				22B6A45E2770DCDB00305DA4 /* Movie.swift */,
				22A2CE7E277930E700EFE366 /* Episode.swift */,
			);
			path = Model;
			sourceTree = "<group>";
		};
		22A2CE7A2779274900EFE366 /* HelperViews */ = {
			isa = PBXGroup;
			children = (
				220B564D277526ED006C62E6 /* TopMoviePreview.swift */,
				220B565127753199006C62E6 /* WhiteButton.swift */,
				220B564F27752A5A006C62E6 /* SmallVerticalButtton.swift */,
				22B6A4602770DD4C00305DA4 /* StandardHomeMovie.swift */,
			);
			path = HelperViews;
			sourceTree = "<group>";
		};
		22A2CE7B2779279100EFE366 /* Helpers */ = {
			isa = PBXGroup;
			children = (
				22B6A4622770DDE400305DA4 /* GlobalHelpers.swift */,
			);
			path = Helpers;
			sourceTree = "<group>";
		};
		22F3FC6F276D2B6900E8EA0E = {
			isa = PBXGroup;
			children = (
				22F3FC8F276D2F7400E8EA0E /* Shared */,
				22F3FC8C276D2EA200E8EA0E /* iOS */,
				22F3FC79276D2B6900E8EA0E /* Products */,
			);
			sourceTree = "<group>";
		};
		22F3FC79276D2B6900E8EA0E /* Products */ = {
			isa = PBXGroup;
			children = (
				22F3FC78276D2B6900E8EA0E /* SameNetflix.app */,
			);
			name = Products;
			sourceTree = "<group>";
		};
		22F3FC8C276D2EA200E8EA0E /* iOS */ = {
			isa = PBXGroup;
			children = (
				22A2CE792779273100EFE366 /* Model */,
				22A2CE78277926E800EFE366 /* HomeViews */,
				22A2CE7A2779274900EFE366 /* HelperViews */,
				22A2CE7B2779279100EFE366 /* Helpers */,
				22A2CE7C2779296D00EFE366 /* MovieDetail.swift */,
			);
			path = iOS;
			sourceTree = "<group>";
		};
		22F3FC8F276D2F7400E8EA0E /* Shared */ = {
			isa = PBXGroup;
			children = (
				22F3FC7B276D2B6900E8EA0E /* SameNetflixApp.swift */,
				22F3FC7D276D2B6900E8EA0E /* ContentView.swift */,
				22F3FC7F276D2B6C00E8EA0E /* Assets.xcassets */,
			);
			path = Shared;
			sourceTree = "<group>";
		};
/* End PBXGroup section */

/* Begin PBXNativeTarget section */
		22F3FC77276D2B6900E8EA0E /* SameNetflix */ = {
			isa = PBXNativeTarget;
			buildConfigurationList = 22F3FC86276D2B6C00E8EA0E /* Build configuration list for PBXNativeTarget "SameNetflix" */;
			buildPhases = (
				22F3FC74276D2B6900E8EA0E /* Sources */,
				22F3FC75276D2B6900E8EA0E /* Frameworks */,
				22F3FC76276D2B6900E8EA0E /* Resources */,
			);
			buildRules = (
			);
			dependencies = (
			);
			name = SameNetflix;
			packageProductDependencies = (
				22B6A45A2770DC0900305DA4 /* Kingfisher */,
			);
			productName = SameNetflix;
			productReference = 22F3FC78276D2B6900E8EA0E /* SameNetflix.app */;
			productType = "com.apple.product-type.application";
		};
/* End PBXNativeTarget section */

/* Begin PBXProject section */
		22F3FC70276D2B6900E8EA0E /* Project object */ = {
			isa = PBXProject;
			attributes = {
				BuildIndependentTargetsInParallel = 1;
				LastSwiftUpdateCheck = 1320;
				LastUpgradeCheck = 1320;
				TargetAttributes = {
					22F3FC77276D2B6900E8EA0E = {
						CreatedOnToolsVersion = 13.2;
					};
				};
			};
			buildConfigurationList = 22F3FC73276D2B6900E8EA0E /* Build configuration list for PBXProject "SameNetflix" */;
			compatibilityVersion = "Xcode 13.0";
			developmentRegion = en;
			hasScannedForEncodings = 0;
			knownRegions = (
				en,
				Base,
			);
			mainGroup = 22F3FC6F276D2B6900E8EA0E;
			packageReferences = (
				22B6A4592770DC0900305DA4 /* XCRemoteSwiftPackageReference "Kingfisher" */,
			);
			productRefGroup = 22F3FC79276D2B6900E8EA0E /* Products */;
			projectDirPath = "";
			projectRoot = "";
			targets = (
				22F3FC77276D2B6900E8EA0E /* SameNetflix */,
			);
		};
/* End PBXProject section */

/* Begin PBXResourcesBuildPhase section */
		22F3FC76276D2B6900E8EA0E /* Resources */ = {
			isa = PBXResourcesBuildPhase;
			buildActionMask = 2147483647;
			files = (
				22F3FC80276D2B6C00E8EA0E /* Assets.xcassets in Resources */,
			);
			runOnlyForDeploymentPostprocessing = 0;
		};
/* End PBXResourcesBuildPhase section */

/* Begin PBXSourcesBuildPhase section */
		22F3FC74276D2B6900E8EA0E /* Sources */ = {
			isa = PBXSourcesBuildPhase;
			buildActionMask = 2147483647;
			files = (
				22B6A4632770DDE400305DA4 /* GlobalHelpers.swift in Sources */,
				22A2CE7F277930E700EFE366 /* Episode.swift in Sources */,
				22F3FC8E276D2EFE00E8EA0E /* HomeView.swift in Sources */,
				22B6A4652770E16A00305DA4 /* HomeVM.swift in Sources */,
				22F3FC7E276D2B6900E8EA0E /* ContentView.swift in Sources */,
				22B6A4612770DD4C00305DA4 /* StandardHomeMovie.swift in Sources */,
				220B564E277526ED006C62E6 /* TopMoviePreview.swift in Sources */,
				22B6A45F2770DCDB00305DA4 /* Movie.swift in Sources */,
				22F3FC7C276D2B6900E8EA0E /* SameNetflixApp.swift in Sources */,
				220B565027752A5A006C62E6 /* SmallVerticalButtton.swift in Sources */,
				220B565227753199006C62E6 /* WhiteButton.swift in Sources */,
				22A2CE7D2779296D00EFE366 /* MovieDetail.swift in Sources */,
			);
			runOnlyForDeploymentPostprocessing = 0;
		};
/* End PBXSourcesBuildPhase section */

/* Begin XCBuildConfiguration section */
		22F3FC84276D2B6C00E8EA0E /* Debug */ = {
			isa = XCBuildConfiguration;
			buildSettings = {
				ALWAYS_SEARCH_USER_PATHS = NO;
				CLANG_ANALYZER_NONNULL = YES;
				CLANG_ANALYZER_NUMBER_OBJECT_CONVERSION = YES_AGGRESSIVE;
				CLANG_CXX_LANGUAGE_STANDARD = "gnu++17";
				CLANG_CXX_LIBRARY = "libc++";
				CLANG_ENABLE_MODULES = YES;
				CLANG_ENABLE_OBJC_ARC = YES;
				CLANG_ENABLE_OBJC_WEAK = YES;
				CLANG_WARN_BLOCK_CAPTURE_AUTORELEASING = YES;
				CLANG_WARN_BOOL_CONVERSION = YES;
				CLANG_WARN_COMMA = YES;
				CLANG_WARN_CONSTANT_CONVERSION = YES;
				CLANG_WARN_DEPRECATED_OBJC_IMPLEMENTATIONS = YES;
				CLANG_WARN_DIRECT_OBJC_ISA_USAGE = YES_ERROR;
				CLANG_WARN_DOCUMENTATION_COMMENTS = YES;
				CLANG_WARN_EMPTY_BODY = YES;
				CLANG_WARN_ENUM_CONVERSION = YES;
				CLANG_WARN_INFINITE_RECURSION = YES;
				CLANG_WARN_INT_CONVERSION = YES;
				CLANG_WARN_NON_LITERAL_NULL_CONVERSION = YES;
				CLANG_WARN_OBJC_IMPLICIT_RETAIN_SELF = YES;
				CLANG_WARN_OBJC_LITERAL_CONVERSION = YES;
				CLANG_WARN_OBJC_ROOT_CLASS = YES_ERROR;
				CLANG_WARN_QUOTED_INCLUDE_IN_FRAMEWORK_HEADER = YES;
				CLANG_WARN_RANGE_LOOP_ANALYSIS = YES;
				CLANG_WARN_STRICT_PROTOTYPES = YES;
				CLANG_WARN_SUSPICIOUS_MOVE = YES;
				CLANG_WARN_UNGUARDED_AVAILABILITY = YES_AGGRESSIVE;
				CLANG_WARN_UNREACHABLE_CODE = YES;
				CLANG_WARN__DUPLICATE_METHOD_MATCH = YES;
				COPY_PHASE_STRIP = NO;
				DEBUG_INFORMATION_FORMAT = dwarf;
				ENABLE_STRICT_OBJC_MSGSEND = YES;
				ENABLE_TESTABILITY = YES;
				GCC_C_LANGUAGE_STANDARD = gnu11;
				GCC_DYNAMIC_NO_PIC = NO;
				GCC_NO_COMMON_BLOCKS = YES;
				GCC_OPTIMIZATION_LEVEL = 0;
				GCC_PREPROCESSOR_DEFINITIONS = (
					"DEBUG=1",
					"$(inherited)",
				);
				GCC_WARN_64_TO_32_BIT_CONVERSION = YES;
				GCC_WARN_ABOUT_RETURN_TYPE = YES_ERROR;
				GCC_WARN_UNDECLARED_SELECTOR = YES;
				GCC_WARN_UNINITIALIZED_AUTOS = YES_AGGRESSIVE;
				GCC_WARN_UNUSED_FUNCTION = YES;
				GCC_WARN_UNUSED_VARIABLE = YES;
				IPHONEOS_DEPLOYMENT_TARGET = 15.2;
				MTL_ENABLE_DEBUG_INFO = INCLUDE_SOURCE;
				MTL_FAST_MATH = YES;
				ONLY_ACTIVE_ARCH = YES;
				SDKROOT = iphoneos;
				SWIFT_ACTIVE_COMPILATION_CONDITIONS = DEBUG;
				SWIFT_OPTIMIZATION_LEVEL = "-Onone";
			};
			name = Debug;
		};
		22F3FC85276D2B6C00E8EA0E /* Release */ = {
			isa = XCBuildConfiguration;
			buildSettings = {
				ALWAYS_SEARCH_USER_PATHS = NO;
				CLANG_ANALYZER_NONNULL = YES;
				CLANG_ANALYZER_NUMBER_OBJECT_CONVERSION = YES_AGGRESSIVE;
				CLANG_CXX_LANGUAGE_STANDARD = "gnu++17";
				CLANG_CXX_LIBRARY = "libc++";
				CLANG_ENABLE_MODULES = YES;
				CLANG_ENABLE_OBJC_ARC = YES;
				CLANG_ENABLE_OBJC_WEAK = YES;
				CLANG_WARN_BLOCK_CAPTURE_AUTORELEASING = YES;
				CLANG_WARN_BOOL_CONVERSION = YES;
				CLANG_WARN_COMMA = YES;
				CLANG_WARN_CONSTANT_CONVERSION = YES;
				CLANG_WARN_DEPRECATED_OBJC_IMPLEMENTATIONS = YES;
				CLANG_WARN_DIRECT_OBJC_ISA_USAGE = YES_ERROR;
				CLANG_WARN_DOCUMENTATION_COMMENTS = YES;
				CLANG_WARN_EMPTY_BODY = YES;
				CLANG_WARN_ENUM_CONVERSION = YES;
				CLANG_WARN_INFINITE_RECURSION = YES;
				CLANG_WARN_INT_CONVERSION = YES;
				CLANG_WARN_NON_LITERAL_NULL_CONVERSION = YES;
				CLANG_WARN_OBJC_IMPLICIT_RETAIN_SELF = YES;
				CLANG_WARN_OBJC_LITERAL_CONVERSION = YES;
				CLANG_WARN_OBJC_ROOT_CLASS = YES_ERROR;
				CLANG_WARN_QUOTED_INCLUDE_IN_FRAMEWORK_HEADER = YES;
				CLANG_WARN_RANGE_LOOP_ANALYSIS = YES;
				CLANG_WARN_STRICT_PROTOTYPES = YES;
				CLANG_WARN_SUSPICIOUS_MOVE = YES;
				CLANG_WARN_UNGUARDED_AVAILABILITY = YES_AGGRESSIVE;
				CLANG_WARN_UNREACHABLE_CODE = YES;
				CLANG_WARN__DUPLICATE_METHOD_MATCH = YES;
				COPY_PHASE_STRIP = NO;
				DEBUG_INFORMATION_FORMAT = "dwarf-with-dsym";
				ENABLE_NS_ASSERTIONS = NO;
				ENABLE_STRICT_OBJC_MSGSEND = YES;
				GCC_C_LANGUAGE_STANDARD = gnu11;
				GCC_NO_COMMON_BLOCKS = YES;
				GCC_WARN_64_TO_32_BIT_CONVERSION = YES;
				GCC_WARN_ABOUT_RETURN_TYPE = YES_ERROR;
				GCC_WARN_UNDECLARED_SELECTOR = YES;
				GCC_WARN_UNINITIALIZED_AUTOS = YES_AGGRESSIVE;
				GCC_WARN_UNUSED_FUNCTION = YES;
				GCC_WARN_UNUSED_VARIABLE = YES;
				IPHONEOS_DEPLOYMENT_TARGET = 15.2;
				MTL_ENABLE_DEBUG_INFO = NO;
				MTL_FAST_MATH = YES;
				SDKROOT = iphoneos;
				SWIFT_COMPILATION_MODE = wholemodule;
				SWIFT_OPTIMIZATION_LEVEL = "-O";
				VALIDATE_PRODUCT = YES;
			};
			name = Release;
		};
		22F3FC87276D2B6C00E8EA0E /* Debug */ = {
			isa = XCBuildConfiguration;
			buildSettings = {
				ASSETCATALOG_COMPILER_APPICON_NAME = AppIcon;
				ASSETCATALOG_COMPILER_GLOBAL_ACCENT_COLOR_NAME = AccentColor;
				CODE_SIGN_STYLE = Automatic;
				CURRENT_PROJECT_VERSION = 1;
				DEVELOPMENT_ASSET_PATHS = "";
				DEVELOPMENT_TEAM = G79T9MTQNK;
				ENABLE_PREVIEWS = YES;
				GENERATE_INFOPLIST_FILE = YES;
				INFOPLIST_KEY_UIApplicationSceneManifest_Generation = YES;
				INFOPLIST_KEY_UIApplicationSupportsIndirectInputEvents = YES;
				INFOPLIST_KEY_UILaunchScreen_Generation = YES;
				INFOPLIST_KEY_UISupportedInterfaceOrientations_iPad = "UIInterfaceOrientationPortrait UIInterfaceOrientationPortraitUpsideDown UIInterfaceOrientationLandscapeLeft UIInterfaceOrientationLandscapeRight";
				INFOPLIST_KEY_UISupportedInterfaceOrientations_iPhone = "UIInterfaceOrientationPortrait UIInterfaceOrientationLandscapeLeft UIInterfaceOrientationLandscapeRight";
				LD_RUNPATH_SEARCH_PATHS = (
					"$(inherited)",
					"@executable_path/Frameworks",
				);
				MARKETING_VERSION = 1.0;
				PRODUCT_BUNDLE_IDENTIFIER = com.cotamauricio.SameNetflix;
				PRODUCT_NAME = "$(TARGET_NAME)";
				SWIFT_EMIT_LOC_STRINGS = YES;
				SWIFT_VERSION = 5.0;
				TARGETED_DEVICE_FAMILY = "1,2";
			};
			name = Debug;
		};
		22F3FC88276D2B6C00E8EA0E /* Release */ = {
			isa = XCBuildConfiguration;
			buildSettings = {
				ASSETCATALOG_COMPILER_APPICON_NAME = AppIcon;
				ASSETCATALOG_COMPILER_GLOBAL_ACCENT_COLOR_NAME = AccentColor;
				CODE_SIGN_STYLE = Automatic;
				CURRENT_PROJECT_VERSION = 1;
				DEVELOPMENT_ASSET_PATHS = "";
				DEVELOPMENT_TEAM = G79T9MTQNK;
				ENABLE_PREVIEWS = YES;
				GENERATE_INFOPLIST_FILE = YES;
				INFOPLIST_KEY_UIApplicationSceneManifest_Generation = YES;
				INFOPLIST_KEY_UIApplicationSupportsIndirectInputEvents = YES;
				INFOPLIST_KEY_UILaunchScreen_Generation = YES;
				INFOPLIST_KEY_UISupportedInterfaceOrientations_iPad = "UIInterfaceOrientationPortrait UIInterfaceOrientationPortraitUpsideDown UIInterfaceOrientationLandscapeLeft UIInterfaceOrientationLandscapeRight";
				INFOPLIST_KEY_UISupportedInterfaceOrientations_iPhone = "UIInterfaceOrientationPortrait UIInterfaceOrientationLandscapeLeft UIInterfaceOrientationLandscapeRight";
				LD_RUNPATH_SEARCH_PATHS = (
					"$(inherited)",
					"@executable_path/Frameworks",
				);
				MARKETING_VERSION = 1.0;
				PRODUCT_BUNDLE_IDENTIFIER = com.cotamauricio.SameNetflix;
				PRODUCT_NAME = "$(TARGET_NAME)";
				SWIFT_EMIT_LOC_STRINGS = YES;
				SWIFT_VERSION = 5.0;
				TARGETED_DEVICE_FAMILY = "1,2";
			};
			name = Release;
		};
/* End XCBuildConfiguration section */

/* Begin XCConfigurationList section */
		22F3FC73276D2B6900E8EA0E /* Build configuration list for PBXProject "SameNetflix" */ = {
			isa = XCConfigurationList;
			buildConfigurations = (
				22F3FC84276D2B6C00E8EA0E /* Debug */,
				22F3FC85276D2B6C00E8EA0E /* Release */,
			);
			defaultConfigurationIsVisible = 0;
			defaultConfigurationName = Release;
		};
		22F3FC86276D2B6C00E8EA0E /* Build configuration list for PBXNativeTarget "SameNetflix" */ = {
			isa = XCConfigurationList;
			buildConfigurations = (
				22F3FC87276D2B6C00E8EA0E /* Debug */,
				22F3FC88276D2B6C00E8EA0E /* Release */,
			);
			defaultConfigurationIsVisible = 0;
			defaultConfigurationName = Release;
		};
/* End XCConfigurationList section */

/* Begin XCRemoteSwiftPackageReference section */
		22B6A4592770DC0900305DA4 /* XCRemoteSwiftPackageReference "Kingfisher" */ = {
			isa = XCRemoteSwiftPackageReference;
			repositoryURL = "https://github.com/onevcat/Kingfisher";
			requirement = {
				kind = upToNextMajorVersion;
				minimumVersion = 7.0.0;
			};
		};
/* End XCRemoteSwiftPackageReference section */

/* Begin XCSwiftPackageProductDependency section */
		22B6A45A2770DC0900305DA4 /* Kingfisher */ = {
			isa = XCSwiftPackageProductDependency;
			package = 22B6A4592770DC0900305DA4 /* XCRemoteSwiftPackageReference "Kingfisher" */;
			productName = Kingfisher;
		};
/* End XCSwiftPackageProductDependency section */
	};
	rootObject = 22F3FC70276D2B6900E8EA0E /* Project object */;
}
